// !$*UTF8*$!
{
	archiveVersion = 1;
	classes = {
	};
	objectVersion = 56;
	objects = {

/* Begin PBXBuildFile section */
		720FC3582AFD3CEC005EB32D /* Response.swift in Sources */ = {isa = PBXBuildFile; fileRef = 720FC3572AFD3CEC005EB32D /* Response.swift */; };
		720FC35B2AFD3ECF005EB32D /* APIManager.swift in Sources */ = {isa = PBXBuildFile; fileRef = 720FC35A2AFD3ECF005EB32D /* APIManager.swift */; };
		720FC35D2AFD3FE5005EB32D /* SearchViewController.swift in Sources */ = {isa = PBXBuildFile; fileRef = 720FC35C2AFD3FE5005EB32D /* SearchViewController.swift */; };
		720FC35F2AFD4412005EB32D /* DIContainer.swift in Sources */ = {isa = PBXBuildFile; fileRef = 720FC35E2AFD4412005EB32D /* DIContainer.swift */; };
		720FC3622AFD447D005EB32D /* ViewModelProtocol.swift in Sources */ = {isa = PBXBuildFile; fileRef = 720FC3612AFD447D005EB32D /* ViewModelProtocol.swift */; };
		720FC3652AFD45B4005EB32D /* SearchViewModel.swift in Sources */ = {isa = PBXBuildFile; fileRef = 720FC3642AFD45B4005EB32D /* SearchViewModel.swift */; };
		720FC3692AFD4D3E005EB32D /* UIViewController+.swift in Sources */ = {isa = PBXBuildFile; fileRef = 720FC3682AFD4D3E005EB32D /* UIViewController+.swift */; };
		720FC3752AFE3E8E005EB32D /* SearchViewCell.swift in Sources */ = {isa = PBXBuildFile; fileRef = 720FC3742AFE3E8E005EB32D /* SearchViewCell.swift */; };
		727B6F3E2B05277A0047F57E /* Kingfisher in Frameworks */ = {isa = PBXBuildFile; productRef = 727B6F3D2B05277A0047F57E /* Kingfisher */; };
		72C485F32AFBC2C700138960 /* AppDelegate.swift in Sources */ = {isa = PBXBuildFile; fileRef = 72C485F22AFBC2C700138960 /* AppDelegate.swift */; };
		72C485F52AFBC2C700138960 /* SceneDelegate.swift in Sources */ = {isa = PBXBuildFile; fileRef = 72C485F42AFBC2C700138960 /* SceneDelegate.swift */; };
		72C485FC2AFBC2C900138960 /* Assets.xcassets in Resources */ = {isa = PBXBuildFile; fileRef = 72C485FB2AFBC2C900138960 /* Assets.xcassets */; };
		72C485FF2AFBC2C900138960 /* LaunchScreen.storyboard in Resources */ = {isa = PBXBuildFile; fileRef = 72C485FD2AFBC2C900138960 /* LaunchScreen.storyboard */; };
		72C4861C2AFD341D00138960 /* UIView+.swift in Sources */ = {isa = PBXBuildFile; fileRef = 72C4861B2AFD341D00138960 /* UIView+.swift */; };
		72C486282AFD363C00138960 /* ItunesAPI.swift in Sources */ = {isa = PBXBuildFile; fileRef = 72C486272AFD363C00138960 /* ItunesAPI.swift */; };
		72C4862D2AFD374100138960 /* Moya in Frameworks */ = {isa = PBXBuildFile; productRef = 72C4862C2AFD374100138960 /* Moya */; };
		72C4862F2AFD374100138960 /* RxMoya in Frameworks */ = {isa = PBXBuildFile; productRef = 72C4862E2AFD374100138960 /* RxMoya */; };
		72C486322AFD375200138960 /* RxDataSources in Frameworks */ = {isa = PBXBuildFile; productRef = 72C486312AFD375200138960 /* RxDataSources */; };
		72C486352AFD376600138960 /* RxBlocking in Frameworks */ = {isa = PBXBuildFile; productRef = 72C486342AFD376600138960 /* RxBlocking */; };
		72C486372AFD376600138960 /* RxCocoa in Frameworks */ = {isa = PBXBuildFile; productRef = 72C486362AFD376600138960 /* RxCocoa */; };
		72C486392AFD376600138960 /* RxRelay in Frameworks */ = {isa = PBXBuildFile; productRef = 72C486382AFD376600138960 /* RxRelay */; };
		72C4863B2AFD376600138960 /* RxSwift in Frameworks */ = {isa = PBXBuildFile; productRef = 72C4863A2AFD376600138960 /* RxSwift */; };
		72C4863E2AFD378F00138960 /* SnapKit in Frameworks */ = {isa = PBXBuildFile; productRef = 72C4863D2AFD378F00138960 /* SnapKit */; };
		72C486402AFD380400138960 /* BaseTabBarController.swift in Sources */ = {isa = PBXBuildFile; fileRef = 72C4863F2AFD380400138960 /* BaseTabBarController.swift */; };
/* End PBXBuildFile section */

/* Begin PBXFileReference section */
		720FC3572AFD3CEC005EB32D /* Response.swift */ = {isa = PBXFileReference; lastKnownFileType = sourcecode.swift; path = Response.swift; sourceTree = "<group>"; };
		720FC35A2AFD3ECF005EB32D /* APIManager.swift */ = {isa = PBXFileReference; lastKnownFileType = sourcecode.swift; path = APIManager.swift; sourceTree = "<group>"; };
		720FC35C2AFD3FE5005EB32D /* SearchViewController.swift */ = {isa = PBXFileReference; lastKnownFileType = sourcecode.swift; path = SearchViewController.swift; sourceTree = "<group>"; };
		720FC35E2AFD4412005EB32D /* DIContainer.swift */ = {isa = PBXFileReference; lastKnownFileType = sourcecode.swift; path = DIContainer.swift; sourceTree = "<group>"; };
		720FC3612AFD447D005EB32D /* ViewModelProtocol.swift */ = {isa = PBXFileReference; lastKnownFileType = sourcecode.swift; path = ViewModelProtocol.swift; sourceTree = "<group>"; };
		720FC3642AFD45B4005EB32D /* SearchViewModel.swift */ = {isa = PBXFileReference; lastKnownFileType = sourcecode.swift; path = SearchViewModel.swift; sourceTree = "<group>"; };
		720FC3682AFD4D3E005EB32D /* UIViewController+.swift */ = {isa = PBXFileReference; lastKnownFileType = sourcecode.swift; path = "UIViewController+.swift"; sourceTree = "<group>"; };
		720FC3742AFE3E8E005EB32D /* SearchViewCell.swift */ = {isa = PBXFileReference; lastKnownFileType = sourcecode.swift; path = SearchViewCell.swift; sourceTree = "<group>"; };
		72C485EF2AFBC2C700138960 /* iTunes_SESAC.app */ = {isa = PBXFileReference; explicitFileType = wrapper.application; includeInIndex = 0; path = iTunes_SESAC.app; sourceTree = BUILT_PRODUCTS_DIR; };
		72C485F22AFBC2C700138960 /* AppDelegate.swift */ = {isa = PBXFileReference; lastKnownFileType = sourcecode.swift; path = AppDelegate.swift; sourceTree = "<group>"; };
		72C485F42AFBC2C700138960 /* SceneDelegate.swift */ = {isa = PBXFileReference; lastKnownFileType = sourcecode.swift; path = SceneDelegate.swift; sourceTree = "<group>"; };
		72C485FB2AFBC2C900138960 /* Assets.xcassets */ = {isa = PBXFileReference; lastKnownFileType = folder.assetcatalog; path = Assets.xcassets; sourceTree = "<group>"; };
		72C485FE2AFBC2C900138960 /* Base */ = {isa = PBXFileReference; lastKnownFileType = file.storyboard; name = Base; path = Base.lproj/LaunchScreen.storyboard; sourceTree = "<group>"; };
		72C486002AFBC2C900138960 /* Info.plist */ = {isa = PBXFileReference; lastKnownFileType = text.plist.xml; path = Info.plist; sourceTree = "<group>"; };
		72C4861B2AFD341D00138960 /* UIView+.swift */ = {isa = PBXFileReference; lastKnownFileType = sourcecode.swift; path = "UIView+.swift"; sourceTree = "<group>"; };
		72C486272AFD363C00138960 /* ItunesAPI.swift */ = {isa = PBXFileReference; lastKnownFileType = sourcecode.swift; path = ItunesAPI.swift; sourceTree = "<group>"; };
		72C4863F2AFD380400138960 /* BaseTabBarController.swift */ = {isa = PBXFileReference; lastKnownFileType = sourcecode.swift; path = BaseTabBarController.swift; sourceTree = "<group>"; };
/* End PBXFileReference section */

/* Begin PBXFrameworksBuildPhase section */
		72C485EC2AFBC2C700138960 /* Frameworks */ = {
			isa = PBXFrameworksBuildPhase;
			buildActionMask = 2147483647;
			files = (
				72C486392AFD376600138960 /* RxRelay in Frameworks */,
				72C4863E2AFD378F00138960 /* SnapKit in Frameworks */,
				72C486322AFD375200138960 /* RxDataSources in Frameworks */,
				727B6F3E2B05277A0047F57E /* Kingfisher in Frameworks */,
				72C486352AFD376600138960 /* RxBlocking in Frameworks */,
				72C486372AFD376600138960 /* RxCocoa in Frameworks */,
				72C4862F2AFD374100138960 /* RxMoya in Frameworks */,
				72C4862D2AFD374100138960 /* Moya in Frameworks */,
				72C4863B2AFD376600138960 /* RxSwift in Frameworks */,
			);
			runOnlyForDeploymentPostprocessing = 0;
		};
/* End PBXFrameworksBuildPhase section */

/* Begin PBXGroup section */
		720FC3602AFD446D005EB32D /* Interface */ = {
			isa = PBXGroup;
			children = (
				720FC3612AFD447D005EB32D /* ViewModelProtocol.swift */,
			);
			path = Interface;
			sourceTree = "<group>";
		};
		720FC3632AFD45A9005EB32D /* ViewModel */ = {
			isa = PBXGroup;
			children = (
				720FC3642AFD45B4005EB32D /* SearchViewModel.swift */,
			);
			path = ViewModel;
			sourceTree = "<group>";
		};
		727B6F3B2B05158A0047F57E /* DTO */ = {
			isa = PBXGroup;
			children = (
			);
			path = DTO;
			sourceTree = "<group>";
		};
		72C485E62AFBC2C700138960 = {
			isa = PBXGroup;
			children = (
				72C485F12AFBC2C700138960 /* iTunes_SESAC */,
				72C485F02AFBC2C700138960 /* Products */,
			);
			sourceTree = "<group>";
		};
		72C485F02AFBC2C700138960 /* Products */ = {
			isa = PBXGroup;
			children = (
				72C485EF2AFBC2C700138960 /* iTunes_SESAC.app */,
			);
			name = Products;
			sourceTree = "<group>";
		};
		72C485F12AFBC2C700138960 /* iTunes_SESAC */ = {
			isa = PBXGroup;
			children = (
				72C486062AFBC34300138960 /* Application */,
				72C486202AFD348000138960 /* DIContainer */,
				72C4861D2AFD345F00138960 /* Domain-Layer */,
				72C4861F2AFD347300138960 /* Presentation-Layer */,
				72C486222AFD355C00138960 /* Network */,
				72C486082AFBC37000138960 /* Extension */,
				72C486072AFBC34800138960 /* Resource */,
			);
			path = iTunes_SESAC;
			sourceTree = "<group>";
		};
		72C486062AFBC34300138960 /* Application */ = {
			isa = PBXGroup;
			children = (
				72C486002AFBC2C900138960 /* Info.plist */,
				72C485FD2AFBC2C900138960 /* LaunchScreen.storyboard */,
				72C485F42AFBC2C700138960 /* SceneDelegate.swift */,
				72C485F22AFBC2C700138960 /* AppDelegate.swift */,
			);
			path = Application;
			sourceTree = "<group>";
		};
		72C486072AFBC34800138960 /* Resource */ = {
			isa = PBXGroup;
			children = (
				72C485FB2AFBC2C900138960 /* Assets.xcassets */,
			);
			path = Resource;
			sourceTree = "<group>";
		};
		72C486082AFBC37000138960 /* Extension */ = {
			isa = PBXGroup;
			children = (
				72C4861B2AFD341D00138960 /* UIView+.swift */,
				720FC3682AFD4D3E005EB32D /* UIViewController+.swift */,
			);
			path = Extension;
			sourceTree = "<group>";
		};
		72C486092AFBC4B500138960 /* Design */ = {
			isa = PBXGroup;
			children = (
			);
			path = Design;
			sourceTree = "<group>";
		};
		72C4861D2AFD345F00138960 /* Domain-Layer */ = {
			isa = PBXGroup;
			children = (
				727B6F3B2B05158A0047F57E /* DTO */,
				720FC3572AFD3CEC005EB32D /* Response.swift */,
			);
			path = "Domain-Layer";
			sourceTree = "<group>";
		};
		72C4861F2AFD347300138960 /* Presentation-Layer */ = {
			isa = PBXGroup;
			children = (
				720FC3602AFD446D005EB32D /* Interface */,
				72C486242AFD35FC00138960 /* Search */,
				72C486232AFD35F400138960 /* Tab */,
				72C486092AFBC4B500138960 /* Design */,
			);
			path = "Presentation-Layer";
			sourceTree = "<group>";
		};
		72C486202AFD348000138960 /* DIContainer */ = {
			isa = PBXGroup;
			children = (
				720FC35E2AFD4412005EB32D /* DIContainer.swift */,
			);
			path = DIContainer;
			sourceTree = "<group>";
		};
		72C486222AFD355C00138960 /* Network */ = {
			isa = PBXGroup;
			children = (
				72C486272AFD363C00138960 /* ItunesAPI.swift */,
				720FC35A2AFD3ECF005EB32D /* APIManager.swift */,
			);
			path = Network;
			sourceTree = "<group>";
		};
		72C486232AFD35F400138960 /* Tab */ = {
			isa = PBXGroup;
			children = (
				72C486262AFD360B00138960 /* View */,
			);
			path = Tab;
			sourceTree = "<group>";
		};
		72C486242AFD35FC00138960 /* Search */ = {
			isa = PBXGroup;
			children = (
				720FC3632AFD45A9005EB32D /* ViewModel */,
				72C486252AFD360500138960 /* View */,
			);
			path = Search;
			sourceTree = "<group>";
		};
		72C486252AFD360500138960 /* View */ = {
			isa = PBXGroup;
			children = (
				720FC35C2AFD3FE5005EB32D /* SearchViewController.swift */,
				720FC3742AFE3E8E005EB32D /* SearchViewCell.swift */,
			);
			path = View;
			sourceTree = "<group>";
		};
		72C486262AFD360B00138960 /* View */ = {
			isa = PBXGroup;
			children = (
				72C4863F2AFD380400138960 /* BaseTabBarController.swift */,
			);
			path = View;
			sourceTree = "<group>";
		};
/* End PBXGroup section */

/* Begin PBXNativeTarget section */
		72C485EE2AFBC2C700138960 /* iTunes_SESAC */ = {
			isa = PBXNativeTarget;
			buildConfigurationList = 72C486032AFBC2C900138960 /* Build configuration list for PBXNativeTarget "iTunes_SESAC" */;
			buildPhases = (
				72C485EB2AFBC2C700138960 /* Sources */,
				72C485EC2AFBC2C700138960 /* Frameworks */,
				72C485ED2AFBC2C700138960 /* Resources */,
			);
			buildRules = (
			);
			dependencies = (
			);
			name = iTunes_SESAC;
			packageProductDependencies = (
				72C4862C2AFD374100138960 /* Moya */,
				72C4862E2AFD374100138960 /* RxMoya */,
				72C486312AFD375200138960 /* RxDataSources */,
				72C486342AFD376600138960 /* RxBlocking */,
				72C486362AFD376600138960 /* RxCocoa */,
				72C486382AFD376600138960 /* RxRelay */,
				72C4863A2AFD376600138960 /* RxSwift */,
				72C4863D2AFD378F00138960 /* SnapKit */,
				727B6F3D2B05277A0047F57E /* Kingfisher */,
			);
			productName = iTunes_SESAC;
			productReference = 72C485EF2AFBC2C700138960 /* iTunes_SESAC.app */;
			productType = "com.apple.product-type.application";
		};
/* End PBXNativeTarget section */

/* Begin PBXProject section */
		72C485E72AFBC2C700138960 /* Project object */ = {
			isa = PBXProject;
			attributes = {
				BuildIndependentTargetsInParallel = 1;
				LastSwiftUpdateCheck = 1430;
				LastUpgradeCheck = 1430;
				TargetAttributes = {
					72C485EE2AFBC2C700138960 = {
						CreatedOnToolsVersion = 14.3.1;
					};
				};
			};
			buildConfigurationList = 72C485EA2AFBC2C700138960 /* Build configuration list for PBXProject "iTunes_SESAC" */;
			compatibilityVersion = "Xcode 14.0";
			developmentRegion = en;
			hasScannedForEncodings = 0;
			knownRegions = (
				en,
				Base,
			);
			mainGroup = 72C485E62AFBC2C700138960;
			packageReferences = (
				72C4862B2AFD374100138960 /* XCRemoteSwiftPackageReference "Moya" */,
				72C486302AFD375200138960 /* XCRemoteSwiftPackageReference "RxDataSources" */,
				72C486332AFD376600138960 /* XCRemoteSwiftPackageReference "RxSwift" */,
				72C4863C2AFD378F00138960 /* XCRemoteSwiftPackageReference "SnapKit" */,
				727B6F3C2B05277A0047F57E /* XCRemoteSwiftPackageReference "Kingfisher" */,
			);
			productRefGroup = 72C485F02AFBC2C700138960 /* Products */;
			projectDirPath = "";
			projectRoot = "";
			targets = (
				72C485EE2AFBC2C700138960 /* iTunes_SESAC */,
			);
		};
/* End PBXProject section */

/* Begin PBXResourcesBuildPhase section */
		72C485ED2AFBC2C700138960 /* Resources */ = {
			isa = PBXResourcesBuildPhase;
			buildActionMask = 2147483647;
			files = (
				72C485FF2AFBC2C900138960 /* LaunchScreen.storyboard in Resources */,
				72C485FC2AFBC2C900138960 /* Assets.xcassets in Resources */,
			);
			runOnlyForDeploymentPostprocessing = 0;
		};
/* End PBXResourcesBuildPhase section */

/* Begin PBXSourcesBuildPhase section */
		72C485EB2AFBC2C700138960 /* Sources */ = {
			isa = PBXSourcesBuildPhase;
			buildActionMask = 2147483647;
			files = (
				720FC3652AFD45B4005EB32D /* SearchViewModel.swift in Sources */,
				72C4861C2AFD341D00138960 /* UIView+.swift in Sources */,
				720FC3752AFE3E8E005EB32D /* SearchViewCell.swift in Sources */,
				72C485F32AFBC2C700138960 /* AppDelegate.swift in Sources */,
				720FC35D2AFD3FE5005EB32D /* SearchViewController.swift in Sources */,
				720FC3582AFD3CEC005EB32D /* Response.swift in Sources */,
				72C486402AFD380400138960 /* BaseTabBarController.swift in Sources */,
				72C486282AFD363C00138960 /* ItunesAPI.swift in Sources */,
				720FC3622AFD447D005EB32D /* ViewModelProtocol.swift in Sources */,
				720FC3692AFD4D3E005EB32D /* UIViewController+.swift in Sources */,
				72C485F52AFBC2C700138960 /* SceneDelegate.swift in Sources */,
				720FC35F2AFD4412005EB32D /* DIContainer.swift in Sources */,
				720FC35B2AFD3ECF005EB32D /* APIManager.swift in Sources */,
			);
			runOnlyForDeploymentPostprocessing = 0;
		};
/* End PBXSourcesBuildPhase section */

/* Begin PBXVariantGroup section */
		72C485FD2AFBC2C900138960 /* LaunchScreen.storyboard */ = {
			isa = PBXVariantGroup;
			children = (
				72C485FE2AFBC2C900138960 /* Base */,
			);
			name = LaunchScreen.storyboard;
			sourceTree = "<group>";
		};
/* End PBXVariantGroup section */

/* Begin XCBuildConfiguration section */
		72C486012AFBC2C900138960 /* Debug */ = {
			isa = XCBuildConfiguration;
			buildSettings = {
				ALWAYS_SEARCH_USER_PATHS = NO;
				CLANG_ANALYZER_NONNULL = YES;
				CLANG_ANALYZER_NUMBER_OBJECT_CONVERSION = YES_AGGRESSIVE;
				CLANG_CXX_LANGUAGE_STANDARD = "gnu++20";
				CLANG_ENABLE_MODULES = YES;
				CLANG_ENABLE_OBJC_ARC = YES;
				CLANG_ENABLE_OBJC_WEAK = YES;
				CLANG_WARN_BLOCK_CAPTURE_AUTORELEASING = YES;
				CLANG_WARN_BOOL_CONVERSION = YES;
				CLANG_WARN_COMMA = YES;
				CLANG_WARN_CONSTANT_CONVERSION = YES;
				CLANG_WARN_DEPRECATED_OBJC_IMPLEMENTATIONS = YES;
				CLANG_WARN_DIRECT_OBJC_ISA_USAGE = YES_ERROR;
				CLANG_WARN_DOCUMENTATION_COMMENTS = YES;
				CLANG_WARN_EMPTY_BODY = YES;
				CLANG_WARN_ENUM_CONVERSION = YES;
				CLANG_WARN_INFINITE_RECURSION = YES;
				CLANG_WARN_INT_CONVERSION = YES;
				CLANG_WARN_NON_LITERAL_NULL_CONVERSION = YES;
				CLANG_WARN_OBJC_IMPLICIT_RETAIN_SELF = YES;
				CLANG_WARN_OBJC_LITERAL_CONVERSION = YES;
				CLANG_WARN_OBJC_ROOT_CLASS = YES_ERROR;
				CLANG_WARN_QUOTED_INCLUDE_IN_FRAMEWORK_HEADER = YES;
				CLANG_WARN_RANGE_LOOP_ANALYSIS = YES;
				CLANG_WARN_STRICT_PROTOTYPES = YES;
				CLANG_WARN_SUSPICIOUS_MOVE = YES;
				CLANG_WARN_UNGUARDED_AVAILABILITY = YES_AGGRESSIVE;
				CLANG_WARN_UNREACHABLE_CODE = YES;
				CLANG_WARN__DUPLICATE_METHOD_MATCH = YES;
				COPY_PHASE_STRIP = NO;
				DEBUG_INFORMATION_FORMAT = dwarf;
				ENABLE_STRICT_OBJC_MSGSEND = YES;
				ENABLE_TESTABILITY = YES;
				GCC_C_LANGUAGE_STANDARD = gnu11;
				GCC_DYNAMIC_NO_PIC = NO;
				GCC_NO_COMMON_BLOCKS = YES;
				GCC_OPTIMIZATION_LEVEL = 0;
				GCC_PREPROCESSOR_DEFINITIONS = (
					"DEBUG=1",
					"$(inherited)",
				);
				GCC_WARN_64_TO_32_BIT_CONVERSION = YES;
				GCC_WARN_ABOUT_RETURN_TYPE = YES_ERROR;
				GCC_WARN_UNDECLARED_SELECTOR = YES;
				GCC_WARN_UNINITIALIZED_AUTOS = YES_AGGRESSIVE;
				GCC_WARN_UNUSED_FUNCTION = YES;
				GCC_WARN_UNUSED_VARIABLE = YES;
				IPHONEOS_DEPLOYMENT_TARGET = 16.4;
				MTL_ENABLE_DEBUG_INFO = INCLUDE_SOURCE;
				MTL_FAST_MATH = YES;
				ONLY_ACTIVE_ARCH = YES;
				SDKROOT = iphoneos;
				SWIFT_ACTIVE_COMPILATION_CONDITIONS = DEBUG;
				SWIFT_OPTIMIZATION_LEVEL = "-Onone";
			};
			name = Debug;
		};
		72C486022AFBC2C900138960 /* Release */ = {
			isa = XCBuildConfiguration;
			buildSettings = {
				ALWAYS_SEARCH_USER_PATHS = NO;
				CLANG_ANALYZER_NONNULL = YES;
				CLANG_ANALYZER_NUMBER_OBJECT_CONVERSION = YES_AGGRESSIVE;
				CLANG_CXX_LANGUAGE_STANDARD = "gnu++20";
				CLANG_ENABLE_MODULES = YES;
				CLANG_ENABLE_OBJC_ARC = YES;
				CLANG_ENABLE_OBJC_WEAK = YES;
				CLANG_WARN_BLOCK_CAPTURE_AUTORELEASING = YES;
				CLANG_WARN_BOOL_CONVERSION = YES;
				CLANG_WARN_COMMA = YES;
				CLANG_WARN_CONSTANT_CONVERSION = YES;
				CLANG_WARN_DEPRECATED_OBJC_IMPLEMENTATIONS = YES;
				CLANG_WARN_DIRECT_OBJC_ISA_USAGE = YES_ERROR;
				CLANG_WARN_DOCUMENTATION_COMMENTS = YES;
				CLANG_WARN_EMPTY_BODY = YES;
				CLANG_WARN_ENUM_CONVERSION = YES;
				CLANG_WARN_INFINITE_RECURSION = YES;
				CLANG_WARN_INT_CONVERSION = YES;
				CLANG_WARN_NON_LITERAL_NULL_CONVERSION = YES;
				CLANG_WARN_OBJC_IMPLICIT_RETAIN_SELF = YES;
				CLANG_WARN_OBJC_LITERAL_CONVERSION = YES;
				CLANG_WARN_OBJC_ROOT_CLASS = YES_ERROR;
				CLANG_WARN_QUOTED_INCLUDE_IN_FRAMEWORK_HEADER = YES;
				CLANG_WARN_RANGE_LOOP_ANALYSIS = YES;
				CLANG_WARN_STRICT_PROTOTYPES = YES;
				CLANG_WARN_SUSPICIOUS_MOVE = YES;
				CLANG_WARN_UNGUARDED_AVAILABILITY = YES_AGGRESSIVE;
				CLANG_WARN_UNREACHABLE_CODE = YES;
				CLANG_WARN__DUPLICATE_METHOD_MATCH = YES;
				COPY_PHASE_STRIP = NO;
				DEBUG_INFORMATION_FORMAT = "dwarf-with-dsym";
				ENABLE_NS_ASSERTIONS = NO;
				ENABLE_STRICT_OBJC_MSGSEND = YES;
				GCC_C_LANGUAGE_STANDARD = gnu11;
				GCC_NO_COMMON_BLOCKS = YES;
				GCC_WARN_64_TO_32_BIT_CONVERSION = YES;
				GCC_WARN_ABOUT_RETURN_TYPE = YES_ERROR;
				GCC_WARN_UNDECLARED_SELECTOR = YES;
				GCC_WARN_UNINITIALIZED_AUTOS = YES_AGGRESSIVE;
				GCC_WARN_UNUSED_FUNCTION = YES;
				GCC_WARN_UNUSED_VARIABLE = YES;
				IPHONEOS_DEPLOYMENT_TARGET = 16.4;
				MTL_ENABLE_DEBUG_INFO = NO;
				MTL_FAST_MATH = YES;
				SDKROOT = iphoneos;
				SWIFT_COMPILATION_MODE = wholemodule;
				SWIFT_OPTIMIZATION_LEVEL = "-O";
				VALIDATE_PRODUCT = YES;
			};
			name = Release;
		};
		72C486042AFBC2C900138960 /* Debug */ = {
			isa = XCBuildConfiguration;
			buildSettings = {
				ASSETCATALOG_COMPILER_APPICON_NAME = AppIcon;
				ASSETCATALOG_COMPILER_GLOBAL_ACCENT_COLOR_NAME = AccentColor;
				CODE_SIGN_STYLE = Automatic;
				CURRENT_PROJECT_VERSION = 1;
				GENERATE_INFOPLIST_FILE = YES;
				INFOPLIST_FILE = iTunes_SESAC/Application/Info.plist;
				INFOPLIST_KEY_UIApplicationSupportsIndirectInputEvents = YES;
				INFOPLIST_KEY_UILaunchStoryboardName = LaunchScreen;
				INFOPLIST_KEY_UISupportedInterfaceOrientations_iPad = "UIInterfaceOrientationPortrait UIInterfaceOrientationPortraitUpsideDown UIInterfaceOrientationLandscapeLeft UIInterfaceOrientationLandscapeRight";
				INFOPLIST_KEY_UISupportedInterfaceOrientations_iPhone = "UIInterfaceOrientationPortrait UIInterfaceOrientationLandscapeLeft UIInterfaceOrientationLandscapeRight";
				LD_RUNPATH_SEARCH_PATHS = (
					"$(inherited)",
					"@executable_path/Frameworks",
				);
				MARKETING_VERSION = 1.0;
				PRODUCT_BUNDLE_IDENTIFIER = "com.iTunes-SESAC";
				PRODUCT_NAME = "$(TARGET_NAME)";
				SWIFT_EMIT_LOC_STRINGS = YES;
				SWIFT_VERSION = 5.0;
				TARGETED_DEVICE_FAMILY = "1,2";
			};
			name = Debug;
		};
		72C486052AFBC2C900138960 /* Release */ = {
			isa = XCBuildConfiguration;
			buildSettings = {
				ASSETCATALOG_COMPILER_APPICON_NAME = AppIcon;
				ASSETCATALOG_COMPILER_GLOBAL_ACCENT_COLOR_NAME = AccentColor;
				CODE_SIGN_STYLE = Automatic;
				CURRENT_PROJECT_VERSION = 1;
				GENERATE_INFOPLIST_FILE = YES;
				INFOPLIST_FILE = iTunes_SESAC/Application/Info.plist;
				INFOPLIST_KEY_UIApplicationSupportsIndirectInputEvents = YES;
				INFOPLIST_KEY_UILaunchStoryboardName = LaunchScreen;
				INFOPLIST_KEY_UISupportedInterfaceOrientations_iPad = "UIInterfaceOrientationPortrait UIInterfaceOrientationPortraitUpsideDown UIInterfaceOrientationLandscapeLeft UIInterfaceOrientationLandscapeRight";
				INFOPLIST_KEY_UISupportedInterfaceOrientations_iPhone = "UIInterfaceOrientationPortrait UIInterfaceOrientationLandscapeLeft UIInterfaceOrientationLandscapeRight";
				LD_RUNPATH_SEARCH_PATHS = (
					"$(inherited)",
					"@executable_path/Frameworks",
				);
				MARKETING_VERSION = 1.0;
				PRODUCT_BUNDLE_IDENTIFIER = "com.iTunes-SESAC";
				PRODUCT_NAME = "$(TARGET_NAME)";
				SWIFT_EMIT_LOC_STRINGS = YES;
				SWIFT_VERSION = 5.0;
				TARGETED_DEVICE_FAMILY = "1,2";
			};
			name = Release;
		};
/* End XCBuildConfiguration section */

/* Begin XCConfigurationList section */
		72C485EA2AFBC2C700138960 /* Build configuration list for PBXProject "iTunes_SESAC" */ = {
			isa = XCConfigurationList;
			buildConfigurations = (
				72C486012AFBC2C900138960 /* Debug */,
				72C486022AFBC2C900138960 /* Release */,
			);
			defaultConfigurationIsVisible = 0;
			defaultConfigurationName = Release;
		};
		72C486032AFBC2C900138960 /* Build configuration list for PBXNativeTarget "iTunes_SESAC" */ = {
			isa = XCConfigurationList;
			buildConfigurations = (
				72C486042AFBC2C900138960 /* Debug */,
				72C486052AFBC2C900138960 /* Release */,
			);
			defaultConfigurationIsVisible = 0;
			defaultConfigurationName = Release;
		};
/* End XCConfigurationList section */

/* Begin XCRemoteSwiftPackageReference section */
		727B6F3C2B05277A0047F57E /* XCRemoteSwiftPackageReference "Kingfisher" */ = {
			isa = XCRemoteSwiftPackageReference;
			repositoryURL = "https://github.com/onevcat/Kingfisher.git";
			requirement = {
				kind = upToNextMajorVersion;
				minimumVersion = 7.0.0;
			};
		};
		72C4862B2AFD374100138960 /* XCRemoteSwiftPackageReference "Moya" */ = {
			isa = XCRemoteSwiftPackageReference;
			repositoryURL = "https://github.com/Moya/Moya.git";
			requirement = {
				kind = upToNextMajorVersion;
				minimumVersion = 15.0.0;
			};
		};
		72C486302AFD375200138960 /* XCRemoteSwiftPackageReference "RxDataSources" */ = {
			isa = XCRemoteSwiftPackageReference;
			repositoryURL = "https://github.com/RxSwiftCommunity/RxDataSources.git";
			requirement = {
				kind = upToNextMajorVersion;
				minimumVersion = 5.0.0;
			};
		};
		72C486332AFD376600138960 /* XCRemoteSwiftPackageReference "RxSwift" */ = {
			isa = XCRemoteSwiftPackageReference;
			repositoryURL = "https://github.com/ReactiveX/RxSwift.git";
			requirement = {
				kind = upToNextMajorVersion;
				minimumVersion = 6.0.0;
			};
		};
		72C4863C2AFD378F00138960 /* XCRemoteSwiftPackageReference "SnapKit" */ = {
			isa = XCRemoteSwiftPackageReference;
			repositoryURL = "https://github.com/SnapKit/SnapKit.git";
			requirement = {
				kind = upToNextMajorVersion;
				minimumVersion = 5.0.0;
			};
		};
/* End XCRemoteSwiftPackageReference section */

/* Begin XCSwiftPackageProductDependency section */
		727B6F3D2B05277A0047F57E /* Kingfisher */ = {
			isa = XCSwiftPackageProductDependency;
			package = 727B6F3C2B05277A0047F57E /* XCRemoteSwiftPackageReference "Kingfisher" */;
			productName = Kingfisher;
		};
		72C4862C2AFD374100138960 /* Moya */ = {
			isa = XCSwiftPackageProductDependency;
			package = 72C4862B2AFD374100138960 /* XCRemoteSwiftPackageReference "Moya" */;
			productName = Moya;
		};
		72C4862E2AFD374100138960 /* RxMoya */ = {
			isa = XCSwiftPackageProductDependency;
			package = 72C4862B2AFD374100138960 /* XCRemoteSwiftPackageReference "Moya" */;
			productName = RxMoya;
		};
		72C486312AFD375200138960 /* RxDataSources */ = {
			isa = XCSwiftPackageProductDependency;
			package = 72C486302AFD375200138960 /* XCRemoteSwiftPackageReference "RxDataSources" */;
			productName = RxDataSources;
		};
		72C486342AFD376600138960 /* RxBlocking */ = {
			isa = XCSwiftPackageProductDependency;
			package = 72C486332AFD376600138960 /* XCRemoteSwiftPackageReference "RxSwift" */;
			productName = RxBlocking;
		};
		72C486362AFD376600138960 /* RxCocoa */ = {
			isa = XCSwiftPackageProductDependency;
			package = 72C486332AFD376600138960 /* XCRemoteSwiftPackageReference "RxSwift" */;
			productName = RxCocoa;
		};
		72C486382AFD376600138960 /* RxRelay */ = {
			isa = XCSwiftPackageProductDependency;
			package = 72C486332AFD376600138960 /* XCRemoteSwiftPackageReference "RxSwift" */;
			productName = RxRelay;
		};
		72C4863A2AFD376600138960 /* RxSwift */ = {
			isa = XCSwiftPackageProductDependency;
			package = 72C486332AFD376600138960 /* XCRemoteSwiftPackageReference "RxSwift" */;
			productName = RxSwift;
		};
		72C4863D2AFD378F00138960 /* SnapKit */ = {
			isa = XCSwiftPackageProductDependency;
			package = 72C4863C2AFD378F00138960 /* XCRemoteSwiftPackageReference "SnapKit" */;
			productName = SnapKit;
		};
/* End XCSwiftPackageProductDependency section */
	};
	rootObject = 72C485E72AFBC2C700138960 /* Project object */;
}
